
Microsoft Visual Studio Solution File, Format Version 12.00
# Visual Studio Version 17
VisualStudioVersion = 17.8.34330.188
MinimumVisualStudioVersion = 10.0.40219.1
Project("{FAE04EC0-301F-11D3-BF4B-00C04F79EFBC}") = "BlazorApp1", "BlazorApp1.csproj", "{F67A01C6-CBBD-49D6-BD9B-E699129F9693}"
EndProject
Global
	GlobalSection(SolutionConfigurationPlatforms) = preSolution
		Debug|Any CPU = Debug|Any CPU
		Release|Any CPU = Release|Any CPU
	EndGlobalSection
	GlobalSection(ProjectConfigurationPlatforms) = postSolution
		{F67A01C6-CBBD-49D6-BD9B-E699129F9693}.Debug|Any CPU.ActiveCfg = Debug|Any CPU
		{F67A01C6-CBBD-49D6-BD9B-E699129F9693}.Debug|Any CPU.Build.0 = Debug|Any CPU
		{F67A01C6-CBBD-49D6-BD9B-E699129F9693}.Release|Any CPU.ActiveCfg = Release|Any CPU
		{F67A01C6-CBBD-49D6-BD9B-E699129F9693}.Release|Any CPU.Build.0 = Release|Any CPU
	EndGlobalSection
	GlobalSection(SolutionProperties) = preSolution
		HideSolutionNode = FALSE
	EndGlobalSection
	GlobalSection(ExtensibilityGlobals) = postSolution
		SolutionGuid = {C6B49786-B567-4527-A4F9-3DF67F7AB234}
	EndGlobalSection
EndGlobal
